
Microsoft Visual Studio Solution File, Format Version 12.00
# Visual Studio 15
VisualStudioVersion = 15.0.26403.7
MinimumVisualStudioVersion = 10.0.40219.1
Project("{FAE04EC0-301F-11D3-BF4B-00C04F79EFBC}") = "App.Data", "App.Data\App.Data.csproj", "{C05492D0-A4FB-4958-A5FF-1E59B652830C}"
EndProject
Project("{FAE04EC0-301F-11D3-BF4B-00C04F79EFBC}") = "App.Models", "App.Models\App.Models.csproj", "{57D8E33B-B276-4646-AAD9-9A951F01B60E}"
EndProject
Project("{FAE04EC0-301F-11D3-BF4B-00C04F79EFBC}") = "App.Web", "App.Web\App.Web.csproj", "{EED70100-4CA0-47BC-A45A-420C0F0714FC}"
EndProject
Global
	GlobalSection(SolutionConfigurationPlatforms) = preSolution
		Debug|Any CPU = Debug|Any CPU
		Release|Any CPU = Release|Any CPU
	EndGlobalSection
	GlobalSection(ProjectConfigurationPlatforms) = postSolution
		{C05492D0-A4FB-4958-A5FF-1E59B652830C}.Debug|Any CPU.ActiveCfg = Debug|Any CPU
		{C05492D0-A4FB-4958-A5FF-1E59B652830C}.Debug|Any CPU.Build.0 = Debug|Any CPU
		{C05492D0-A4FB-4958-A5FF-1E59B652830C}.Release|Any CPU.ActiveCfg = Release|Any CPU
		{C05492D0-A4FB-4958-A5FF-1E59B652830C}.Release|Any CPU.Build.0 = Release|Any CPU
		{57D8E33B-B276-4646-AAD9-9A951F01B60E}.Debug|Any CPU.ActiveCfg = Debug|Any CPU
		{57D8E33B-B276-4646-AAD9-9A951F01B60E}.Debug|Any CPU.Build.0 = Debug|Any CPU
		{57D8E33B-B276-4646-AAD9-9A951F01B60E}.Release|Any CPU.ActiveCfg = Release|Any CPU
		{57D8E33B-B276-4646-AAD9-9A951F01B60E}.Release|Any CPU.Build.0 = Release|Any CPU
		{EED70100-4CA0-47BC-A45A-420C0F0714FC}.Debug|Any CPU.ActiveCfg = Debug|Any CPU
		{EED70100-4CA0-47BC-A45A-420C0F0714FC}.Debug|Any CPU.Build.0 = Debug|Any CPU
		{EED70100-4CA0-47BC-A45A-420C0F0714FC}.Release|Any CPU.ActiveCfg = Release|Any CPU
		{EED70100-4CA0-47BC-A45A-420C0F0714FC}.Release|Any CPU.Build.0 = Release|Any CPU
	EndGlobalSection
	GlobalSection(SolutionProperties) = preSolution
		HideSolutionNode = FALSE
	EndGlobalSection
EndGlobal
